<?xml version="1.0" encoding="utf-8"?>
<Project ToolsVersion="4.0" xmlns="http://schemas.microsoft.com/developer/msbuild/2003">
  <ItemGroup>
    <Filter Include="States">
      <UniqueIdentifier>{83e07e93-4ff6-462c-8c93-c2316ff0609e}</UniqueIdentifier>
    </Filter>
    <Filter Include="Misc">
      <UniqueIdentifier>{365f9891-51f4-4cc4-834a-ee7364a7ec5b}</UniqueIdentifier>
    </Filter>
    <Filter Include="Misc\Utility">
      <UniqueIdentifier>{6a7878c4-d9c8-4083-8786-948c9241a579}</UniqueIdentifier>
    </Filter>
    <Filter Include="State Machine">
      <UniqueIdentifier>{d6ba698d-b7cb-4740-a244-a9a3a7b71184}</UniqueIdentifier>
    </Filter>
    <Filter Include="States\Generic">
      <UniqueIdentifier>{9b1d31d1-921d-4181-9926-0708a696a433}</UniqueIdentifier>
    </Filter>
    <Filter Include="Input">
      <UniqueIdentifier>{71a30f32-ef7b-4741-9506-9e86cec11be4}</UniqueIdentifier>
    </Filter>
    <Filter Include="System">
      <UniqueIdentifier>{b55e9bed-d2d5-4a02-bf7d-7530969c79d8}</UniqueIdentifier>
    </Filter>
  </ItemGroup>
  <ItemGroup>
    <ClInclude Include="MainGameState.h">
      <Filter>States</Filter>
    </ClInclude>
    <ClInclude Include="MainMenuState.h">
      <Filter>States</Filter>
    </ClInclude>
    <ClInclude Include="SplashScreenState.h">
      <Filter>States</Filter>
    </ClInclude>
    <ClInclude Include="Helper.h">
      <Filter>Misc\Utility</Filter>
    </ClInclude>
    <ClInclude Include="StateMachine.h">
      <Filter>State Machine</Filter>
    </ClInclude>
    <ClInclude Include="Singleton.h">
      <Filter>Misc</Filter>
    </ClInclude>
    <ClInclude Include="State.h">
      <Filter>States\Generic</Filter>
    </ClInclude>
    <ClInclude Include="InputManager.h">
      <Filter>Input</Filter>
    </ClInclude>
    <ClInclude Include="GameTimer.h">
      <Filter>System</Filter>
    </ClInclude>
    <ClInclude Include="System.h">
      <Filter>System</Filter>
    </ClInclude>
  </ItemGroup>
  <ItemGroup>
    <ClCompile Include="main.cpp" />
    <ClCompile Include="SplashScreenState.cpp">
      <Filter>States</Filter>
    </ClCompile>
    <ClCompile Include="MainGameState.cpp">
      <Filter>States</Filter>
    </ClCompile>
    <ClCompile Include="MainMenuState.cpp">
      <Filter>States</Filter>
    </ClCompile>
    <ClCompile Include="StateMachine.cpp">
      <Filter>State Machine</Filter>
    </ClCompile>
    <ClCompile Include="InputManager.cpp">
      <Filter>Input</Filter>
    </ClCompile>
    <ClCompile Include="System.cpp">
      <Filter>System</Filter>
    </ClCompile>
    <ClCompile Include="GameTimer.cpp">
      <Filter>System</Filter>
    </ClCompile>
  </ItemGroup>
</Project>